
Microsoft Visual Studio Solution File, Format Version 12.00
# Visual Studio Version 17
VisualStudioVersion = 17.7.34024.191
MinimumVisualStudioVersion = 10.0.40219.1
Project("{FAE04EC0-301F-11D3-BF4B-00C04F79EFBC}") = "ConsoleApp4", "ConsoleApp4\ConsoleApp4.csproj", "{D28CBD0C-9F1D-4F75-94A1-359C42AA3671}"
EndProject
Global
	GlobalSection(SolutionConfigurationPlatforms) = preSolution
		Debug|Any CPU = Debug|Any CPU
		Release|Any CPU = Release|Any CPU
	EndGlobalSection
	GlobalSection(ProjectConfigurationPlatforms) = postSolution
		{D28CBD0C-9F1D-4F75-94A1-359C42AA3671}.Debug|Any CPU.ActiveCfg = Debug|Any CPU
		{D28CBD0C-9F1D-4F75-94A1-359C42AA3671}.Debug|Any CPU.Build.0 = Debug|Any CPU
		{D28CBD0C-9F1D-4F75-94A1-359C42AA3671}.Release|Any CPU.ActiveCfg = Release|Any CPU
		{D28CBD0C-9F1D-4F75-94A1-359C42AA3671}.Release|Any CPU.Build.0 = Release|Any CPU
	EndGlobalSection
	GlobalSection(SolutionProperties) = preSolution
		HideSolutionNode = FALSE
	EndGlobalSection
	GlobalSection(ExtensibilityGlobals) = postSolution
		SolutionGuid = {C9DACB52-9A03-4444-A639-E5ACDF5B8FB2}
	EndGlobalSection
EndGlobal
